
Microsoft Visual Studio Solution File, Format Version 12.00
# Visual Studio Version 17
VisualStudioVersion = 17.0.31903.59
MinimumVisualStudioVersion = 10.0.40219.1
Project("{FAE04EC0-301F-11D3-BF4B-00C04F79EFBC}") = "test", "test.csproj", "{FE0D2D91-5036-4522-BBEB-CD7555AB27AD}"
EndProject
Global
	GlobalSection(SolutionConfigurationPlatforms) = preSolution
		Debug|Any CPU = Debug|Any CPU
		Release|Any CPU = Release|Any CPU
	EndGlobalSection
	GlobalSection(ProjectConfigurationPlatforms) = postSolution
		{FE0D2D91-5036-4522-BBEB-CD7555AB27AD}.Debug|Any CPU.ActiveCfg = Debug|Any CPU
		{FE0D2D91-5036-4522-BBEB-CD7555AB27AD}.Debug|Any CPU.Build.0 = Debug|Any CPU
		{FE0D2D91-5036-4522-BBEB-CD7555AB27AD}.Release|Any CPU.ActiveCfg = Release|Any CPU
		{FE0D2D91-5036-4522-BBEB-CD7555AB27AD}.Release|Any CPU.Build.0 = Release|Any CPU
	EndGlobalSection
	GlobalSection(SolutionProperties) = preSolution
		HideSolutionNode = FALSE
	EndGlobalSection
	GlobalSection(ExtensibilityGlobals) = postSolution
		SolutionGuid = {63503B5E-9FAA-4AC1-B001-4C9001FE6F94}
	EndGlobalSection
EndGlobal
