
Microsoft Visual Studio Solution File, Format Version 12.00
# Visual Studio Version 17
VisualStudioVersion = 17.0.31903.59
MinimumVisualStudioVersion = 10.0.40219.1
Project("{FAE04EC0-301F-11D3-BF4B-00C04F79EFBC}") = "ARVESTUS_emmamaeroodla", "ARVESTUS_emmamaeroodla.csproj", "{0226402B-3161-4CE2-BE38-D7200FE35F78}"
EndProject
Global
	GlobalSection(SolutionConfigurationPlatforms) = preSolution
		Debug|Any CPU = Debug|Any CPU
		Release|Any CPU = Release|Any CPU
	EndGlobalSection
	GlobalSection(ProjectConfigurationPlatforms) = postSolution
		{0226402B-3161-4CE2-BE38-D7200FE35F78}.Debug|Any CPU.ActiveCfg = Debug|Any CPU
		{0226402B-3161-4CE2-BE38-D7200FE35F78}.Debug|Any CPU.Build.0 = Debug|Any CPU
		{0226402B-3161-4CE2-BE38-D7200FE35F78}.Release|Any CPU.ActiveCfg = Release|Any CPU
		{0226402B-3161-4CE2-BE38-D7200FE35F78}.Release|Any CPU.Build.0 = Release|Any CPU
	EndGlobalSection
	GlobalSection(SolutionProperties) = preSolution
		HideSolutionNode = FALSE
	EndGlobalSection
	GlobalSection(ExtensibilityGlobals) = postSolution
		SolutionGuid = {7F9A4012-DE78-4D80-A59A-536F97CB86DC}
	EndGlobalSection
EndGlobal
